# This file is automatically @generated by Cargo.
# It is not intended for manual editing.
version = 4

[[package]]
name = "aho-corasick"
version = "1.1.4"
source = "registry+https://github.com/rust-lang/crates.io-index"
checksum = "ddd31a130427c27518df266943a5308ed92d4b226cc639f5a8f1002816174301"
dependencies = [
 "memchr",
]

[[package]]
name = "autocfg"
version = "1.5.0"
source = "registry+https://github.com/rust-lang/crates.io-index"
checksum = "c08606f8c3cbf4ce6ec8e28fb0014a2c086708fe954eaa885384a6165172e7e8"

[[package]]
name = "bitflags"
version = "2.11.0"
source = "registry+https://github.com/rust-lang/crates.io-index"
checksum = "843867be96c8daad0d758b57df9392b6d8d271134fce549de6ce169ff98a92af"

[[package]]
name = "block-buffer"
version = "0.10.4"
source = "registry+https://github.com/rust-lang/crates.io-index"
checksum = "3078c7629b62d3f0439517fa394996acacc5cbc91c5a20d8c658e77abd503a71"
dependencies = [
 "generic-array",
]

[[package]]
name = "bs58"
version = "0.5.1"
source = "registry+https://github.com/rust-lang/crates.io-index"
checksum = "bf88ba1141d185c399bee5288d850d63b8369520c1eafc32a0430b5b6c287bf4"
dependencies = [
 "tinyvec",
]

[[package]]
name = "bumpalo"
version = "3.20.2"
source = "registry+https://github.com/rust-lang/crates.io-index"
checksum = "5d20789868f4b01b2f2caec9f5c4e0213b41e3e5702a50157d699ae31ced2fcb"

[[package]]
name = "cfg-if"
version = "1.0.4"
source = "registry+https://github.com/rust-lang/crates.io-index"
checksum = "9330f8b2ff13f34540b44e946ef35111825727b38d33286ef986142615121801"

[[package]]
name = "cpufeatures"
version = "0.2.17"
source = "registry+https://github.com/rust-lang/crates.io-index"
checksum = "59ed5838eebb26a2bb2e58f6d5b5316989ae9d08bab10e0e6d103e656d1b0280"
dependencies = [
 "libc",
]

[[package]]
name = "crypto-common"
version = "0.1.7"
source = "registry+https://github.com/rust-lang/crates.io-index"
checksum = "78c8292055d1c1df0cce5d180393dc8cce0abec0a7102adb6c7b1eef6016d60a"
dependencies = [
 "generic-array",
 "typenum",
]

[[package]]
name = "curve25519-dalek"
version = "4.1.3"
source = "registry+https://github.com/rust-lang/crates.io-index"
checksum = "97fb8b7c4503de7d6ae7b42ab72a5a59857b4c937ec27a3d4539dba95b5ab2be"
dependencies = [
 "cfg-if",
 "cpufeatures",
 "curve25519-dalek-derive",
 "digest",
 "fiat-crypto",
 "rand_core",
 "rustc_version",
 "subtle",
 "zeroize",
]

[[package]]
name = "curve25519-dalek-derive"
version = "0.1.1"
source = "registry+https://github.com/rust-lang/crates.io-index"
checksum = "f46882e17999c6cc590af592290432be3bce0428cb0d5f8b6715e4dc7b383eb3"
dependencies = [
 "proc-macro2",
 "quote",
 "syn",
]

[[package]]
name = "digest"
version = "0.10.7"
source = "registry+https://github.com/rust-lang/crates.io-index"
checksum = "9ed9a281f7bc9b7576e61468ba615a66a5c8cfdff42420a70aa82701a3b1e292"
dependencies = [
 "block-buffer",
 "crypto-common",
]

[[package]]
name = "fiat-crypto"
version = "0.2.9"
source = "registry+https://github.com/rust-lang/crates.io-index"
checksum = "28dea519a9695b9977216879a3ebfddf92f1c08c05d984f8996aecd6ecdc811d"

[[package]]
name = "five8"
version = "0.2.1"
source = "registry+https://github.com/rust-lang/crates.io-index"
checksum = "a75b8549488b4715defcb0d8a8a1c1c76a80661b5fa106b4ca0e7fce59d7d875"
dependencies = [
 "five8_core 0.1.2",
]

[[package]]
name = "five8"
version = "1.0.0"
source = "registry+https://github.com/rust-lang/crates.io-index"
checksum = "23f76610e969fa1784327ded240f1e28a3fd9520c9cec93b636fcf62dd37f772"
dependencies = [
 "five8_core 1.0.0",
]

[[package]]
name = "five8_const"
version = "0.1.4"
source = "registry+https://github.com/rust-lang/crates.io-index"
checksum = "26dec3da8bc3ef08f2c04f61eab298c3ab334523e55f076354d6d6f613799a7b"
dependencies = [
 "five8_core 0.1.2",
]

[[package]]
name = "five8_const"
version = "1.0.0"
source = "registry+https://github.com/rust-lang/crates.io-index"
checksum = "1a0f1728185f277989ca573a402716ae0beaaea3f76a8ff87ef9dd8fb19436c5"
dependencies = [
 "five8_core 1.0.0",
]

[[package]]
name = "five8_core"
version = "0.1.2"
source = "registry+https://github.com/rust-lang/crates.io-index"
checksum = "2551bf44bc5f776c15044b9b94153a00198be06743e262afaaa61f11ac7523a5"

[[package]]
name = "five8_core"
version = "1.0.0"
source = "registry+https://github.com/rust-lang/crates.io-index"
checksum = "059c31d7d36c43fe39d89e55711858b4da8be7eb6dabac23c7289b1a19489406"

[[package]]
name = "generic-array"
version = "0.14.7"
source = "registry+https://github.com/rust-lang/crates.io-index"
checksum = "85649ca51fd72272d7821adaf274ad91c288277713d9c18820d8499a7ff69e9a"
dependencies = [
 "typenum",
 "version_check",
]

[[package]]
name = "getrandom"
version = "0.2.17"
source = "registry+https://github.com/rust-lang/crates.io-index"
checksum = "ff2abc00be7fca6ebc474524697ae276ad847ad0a6b3faa4bcb027e9a4614ad0"
dependencies = [
 "cfg-if",
 "js-sys",
 "libc",
 "wasi",
 "wasm-bindgen",
]

[[package]]
name = "js-sys"
version = "0.3.91"
source = "registry+https://github.com/rust-lang/crates.io-index"
checksum = "b49715b7073f385ba4bc528e5747d02e66cb39c6146efb66b781f131f0fb399c"
dependencies = [
 "once_cell",
 "wasm-bindgen",
]

[[package]]
name = "libc"
version = "0.2.182"
source = "registry+https://github.com/rust-lang/crates.io-index"
checksum = "6800badb6cb2082ffd7b6a67e6125bb39f18782f793520caee8cb8846be06112"

[[package]]
name = "lock_api"
version = "0.4.14"
source = "registry+https://github.com/rust-lang/crates.io-index"
checksum = "224399e74b87b5f3557511d98dff8b14089b3dadafcab6bb93eab67d3aace965"
dependencies = [
 "scopeguard",
]

[[package]]
name = "memchr"
version = "2.8.0"
source = "registry+https://github.com/rust-lang/crates.io-index"
checksum = "f8ca58f447f06ed17d5fc4043ce1b10dd205e060fb3ce5b979b8ed8e59ff3f79"

[[package]]
name = "num-traits"
version = "0.2.19"
source = "registry+https://github.com/rust-lang/crates.io-index"
checksum = "071dfc062690e90b734c0b2273ce72ad0ffa95f0c74596bc250dcfd960262841"
dependencies = [
 "autocfg",
]

[[package]]
name = "once_cell"
version = "1.21.3"
source = "registry+https://github.com/rust-lang/crates.io-index"
checksum = "42f5e15c9953c5e4ccceeb2e7382a716482c34515315f7b03532b8b4e8393d2d"

[[package]]
name = "parking_lot"
version = "0.12.5"
source = "registry+https://github.com/rust-lang/crates.io-index"
checksum = "93857453250e3077bd71ff98b6a65ea6621a19bb0f559a85248955ac12c45a1a"
dependencies = [
 "lock_api",
 "parking_lot_core",
]

[[package]]
name = "parking_lot_core"
version = "0.9.12"
source = "registry+https://github.com/rust-lang/crates.io-index"
checksum = "2621685985a2ebf1c516881c026032ac7deafcda1a2c9b7850dc81e3dfcb64c1"
dependencies = [
 "cfg-if",
 "libc",
 "redox_syscall",
 "smallvec",
 "windows-link",
]

[[package]]
name = "pinocchio"
version = "0.10.2"
source = "registry+https://github.com/rust-lang/crates.io-index"
checksum = "c06810dac15a4ef83d3dabdb4f2f22fb39c9adff669cd2781da4f716510a647c"
dependencies = [
 "solana-account-view",
 "solana-address",
 "solana-define-syscall 4.0.1",
 "solana-instruction-view",
 "solana-program-error 3.0.0",
]

[[package]]
name = "pinocchio-associated-token-account"
version = "0.3.0"
source = "registry+https://github.com/rust-lang/crates.io-index"
checksum = "0bd92823a97fb327d7509dfd7cbfa3ead56e9fc0e131972bc0e28ab7036be31a"
dependencies = [
 "solana-account-view",
 "solana-address",
 "solana-instruction-view",
 "solana-program-error 3.0.0",
]

[[package]]
name = "pinocchio-escrow"
version = "0.1.0"
dependencies = [
 "pinocchio",
 "pinocchio-associated-token-account",
 "pinocchio-system",
 "pinocchio-token",
 "solana-account",
 "solana-address",
 "solana-program-log",
 "solana-pubkey",
]

[[package]]
name = "pinocchio-system"
version = "0.5.0"
source = "registry+https://github.com/rust-lang/crates.io-index"
checksum = "24044a0815753862b558e179e78f03f7344cb755de48617a09d7d23b50883b6c"
dependencies = [
 "pinocchio",
 "solana-address",
]

[[package]]
name = "pinocchio-token"
version = "0.5.0"
source = "registry+https://github.com/rust-lang/crates.io-index"
checksum = "febf3bbe37f4e2723b9b41a1768c6542a1ae1b1d7bcac27f892f30cabcf70ec4"
dependencies = [
 "solana-account-view",
 "solana-address",
 "solana-instruction-view",
 "solana-program-error 3.0.0",
]

[[package]]
name = "proc-macro2"
version = "1.0.106"
source = "registry+https://github.com/rust-lang/crates.io-index"
checksum = "8fd00f0bb2e90d81d1044c2b32617f68fcb9fa3bb7640c23e9c748e53fb30934"
dependencies = [
 "unicode-ident",
]

[[package]]
name = "quote"
version = "1.0.44"
source = "registry+https://github.com/rust-lang/crates.io-index"
checksum = "21b2ebcf727b7760c461f091f9f0f539b77b8e87f2fd88131e7f1b433b3cece4"
dependencies = [
 "proc-macro2",
]

[[package]]
name = "rand_core"
version = "0.6.4"
source = "registry+https://github.com/rust-lang/crates.io-index"
checksum = "ec0be4795e2f6a28069bec0b5ff3e2ac9bafc99e6a9a7dc3547996c5c816922c"

[[package]]
name = "redox_syscall"
version = "0.5.18"
source = "registry+https://github.com/rust-lang/crates.io-index"
checksum = "ed2bf2547551a7053d6fdfafda3f938979645c44812fbfcda098faae3f1a362d"
dependencies = [
 "bitflags",
]

[[package]]
name = "regex"
version = "1.12.3"
source = "registry+https://github.com/rust-lang/crates.io-index"
checksum = "e10754a14b9137dd7b1e3e5b0493cc9171fdd105e0ab477f51b72e7f3ac0e276"
dependencies = [
 "aho-corasick",
 "memchr",
 "regex-automata",
 "regex-syntax",
]

[[package]]
name = "regex-automata"
version = "0.4.14"
source = "registry+https://github.com/rust-lang/crates.io-index"
checksum = "6e1dd4122fc1595e8162618945476892eefca7b88c52820e74af6262213cae8f"
dependencies = [
 "aho-corasick",
 "memchr",
 "regex-syntax",
]

[[package]]
name = "regex-syntax"
version = "0.8.10"
source = "registry+https://github.com/rust-lang/crates.io-index"
checksum = "dc897dd8d9e8bd1ed8cdad82b5966c3e0ecae09fb1907d58efaa013543185d0a"

[[package]]
name = "rustc_version"
version = "0.4.1"
source = "registry+https://github.com/rust-lang/crates.io-index"
checksum = "cfcb3a22ef46e85b45de6ee7e79d063319ebb6594faafcf1c225ea92ab6e9b92"
dependencies = [
 "semver",
]

[[package]]
name = "rustversion"
version = "1.0.22"
source = "registry+https://github.com/rust-lang/crates.io-index"
checksum = "b39cdef0fa800fc44525c84ccb54a029961a8215f9619753635a9c0d2538d46d"

[[package]]
name = "scopeguard"
version = "1.2.0"
source = "registry+https://github.com/rust-lang/crates.io-index"
checksum = "94143f37725109f92c262ed2cf5e59bce7498c01bcc1502d7b9afe439a4e9f49"

[[package]]
name = "semver"
version = "1.0.27"
source = "registry+https://github.com/rust-lang/crates.io-index"
checksum = "d767eb0aabc880b29956c35734170f26ed551a859dbd361d140cdbeca61ab1e2"

[[package]]
name = "sha2"
version = "0.10.9"
source = "registry+https://github.com/rust-lang/crates.io-index"
checksum = "a7507d819769d01a365ab707794a4084392c824f54a7a6a7862f8c3d0892b283"
dependencies = [
 "cfg-if",
 "cpufeatures",
 "digest",
]

[[package]]
name = "sha2-const-stable"
version = "0.1.0"
source = "registry+https://github.com/rust-lang/crates.io-index"
checksum = "5f179d4e11094a893b82fff208f74d448a7512f99f5a0acbd5c679b705f83ed9"

[[package]]
name = "smallvec"
version = "1.15.1"
source = "registry+https://github.com/rust-lang/crates.io-index"
checksum = "67b1b7a3b5fe4f1376887184045fcf45c69e92af734b7aaddc05fb777b6fbd03"

[[package]]
name = "solana-account"
version = "2.2.1"
source = "registry+https://github.com/rust-lang/crates.io-index"
checksum = "0f949fe4edaeaea78c844023bfc1c898e0b1f5a100f8a8d2d0f85d0a7b090258"
dependencies = [
 "solana-account-info",
 "solana-clock",
 "solana-instruction",
 "solana-pubkey",
 "solana-sdk-ids",
]

[[package]]
name = "solana-account-info"
version = "2.3.0"
source = "registry+https://github.com/rust-lang/crates.io-index"
checksum = "c8f5152a288ef1912300fc6efa6c2d1f9bb55d9398eb6c72326360b8063987da"
dependencies = [
 "solana-program-error 2.2.2",
 "solana-program-memory",
 "solana-pubkey",
]

[[package]]
name = "solana-account-view"
version = "1.0.0"
source = "registry+https://github.com/rust-lang/crates.io-index"
checksum = "f37ca34c37f92ee341b73d5ce7c8ef5bb38e9a87955b4bd343c63fa18b149215"
dependencies = [
 "solana-address",
 "solana-program-error 3.0.0",
]

[[package]]
name = "solana-address"
version = "2.2.0"
source = "registry+https://github.com/rust-lang/crates.io-index"
checksum = "68c5d02824391b072dc5cd0aaa85fb0af9784a21d23286a767994d1e8a322131"
dependencies = [
 "curve25519-dalek",
 "five8 1.0.0",
 "five8_const 1.0.0",
 "sha2-const-stable",
 "solana-define-syscall 5.0.0",
 "solana-program-error 3.0.0",
 "solana-sha256-hasher 3.1.0",
]

[[package]]
name = "solana-atomic-u64"
version = "2.2.1"
source = "registry+https://github.com/rust-lang/crates.io-index"
checksum = "d52e52720efe60465b052b9e7445a01c17550666beec855cce66f44766697bc2"
dependencies = [
 "parking_lot",
]

[[package]]
name = "solana-clock"
version = "2.2.3"
source = "registry+https://github.com/rust-lang/crates.io-index"
checksum = "f8584296123df8fe229b95e2ebfd37ae637fe9db9b7d4dd677ac5a78e80dbfce"
dependencies = [
 "solana-sdk-macro",
]

[[package]]
name = "solana-decode-error"
version = "2.3.0"
source = "registry+https://github.com/rust-lang/crates.io-index"
checksum = "8c781686a18db2f942e70913f7ca15dc120ec38dcab42ff7557db2c70c625a35"
dependencies = [
 "num-traits",
]

[[package]]
name = "solana-define-syscall"
version = "2.3.0"
source = "registry+https://github.com/rust-lang/crates.io-index"
checksum = "2ae3e2abcf541c8122eafe9a625d4d194b4023c20adde1e251f94e056bb1aee2"

[[package]]
name = "solana-define-syscall"
version = "4.0.1"
source = "registry+https://github.com/rust-lang/crates.io-index"
checksum = "57e5b1c0bc1d4a4d10c88a4100499d954c09d3fecfae4912c1a074dff68b1738"

[[package]]
name = "solana-define-syscall"
version = "5.0.0"
source = "registry+https://github.com/rust-lang/crates.io-index"
checksum = "03aacdd7a61e2109887a7a7f046caebafce97ddf1150f33722eeac04f9039c73"

[[package]]
name = "solana-hash"
version = "2.3.0"
source = "registry+https://github.com/rust-lang/crates.io-index"
checksum = "b5b96e9f0300fa287b545613f007dfe20043d7812bee255f418c1eb649c93b63"
dependencies = [
 "five8 0.2.1",
 "js-sys",
 "solana-atomic-u64",
 "solana-sanitize",
 "wasm-bindgen",
]

[[package]]
name = "solana-hash"
version = "4.2.0"
source = "registry+https://github.com/rust-lang/crates.io-index"
checksum = "8064ea1d591ec791be95245058ca40f4f5345d390c200069d0f79bbf55bfae55"

[[package]]
name = "solana-instruction"
version = "2.3.3"
source = "registry+https://github.com/rust-lang/crates.io-index"
checksum = "bab5682934bd1f65f8d2c16f21cb532526fcc1a09f796e2cacdb091eee5774ad"
dependencies = [
 "getrandom",
 "js-sys",
 "num-traits",
 "solana-define-syscall 2.3.0",
 "solana-pubkey",
 "wasm-bindgen",
]

[[package]]
name = "solana-instruction-view"
version = "1.0.0"
source = "registry+https://github.com/rust-lang/crates.io-index"
checksum = "60147e4d0a4620013df40bf30a86dd299203ff12fcb8b593cd51014fce0875d8"
dependencies = [
 "solana-account-view",
 "solana-address",
 "solana-define-syscall 4.0.1",
 "solana-program-error 3.0.0",
]

[[package]]
name = "solana-msg"
version = "2.2.1"
source = "registry+https://github.com/rust-lang/crates.io-index"
checksum = "f36a1a14399afaabc2781a1db09cb14ee4cc4ee5c7a5a3cfcc601811379a8092"
dependencies = [
 "solana-define-syscall 2.3.0",
]

[[package]]
name = "solana-program-error"
version = "2.2.2"
source = "registry+https://github.com/rust-lang/crates.io-index"
checksum = "9ee2e0217d642e2ea4bee237f37bd61bb02aec60da3647c48ff88f6556ade775"
dependencies = [
 "num-traits",
 "solana-decode-error",
 "solana-instruction",
 "solana-msg",
 "solana-pubkey",
]

[[package]]
name = "solana-program-error"
version = "3.0.0"
source = "registry+https://github.com/rust-lang/crates.io-index"
checksum = "a1af32c995a7b692a915bb7414d5f8e838450cf7c70414e763d8abcae7b51f28"

[[package]]
name = "solana-program-log"
version = "1.1.0"
source = "registry+https://github.com/rust-lang/crates.io-index"
checksum = "b26115ff9ec592bb4407379c82e7f00b9d0ae4e3fac80c3fd28c932aec852dc6"
dependencies = [
 "solana-define-syscall 4.0.1",
 "solana-program-log-macro",
]

[[package]]
name = "solana-program-log-macro"
version = "1.0.0"
source = "registry+https://github.com/rust-lang/crates.io-index"
checksum = "de2b224806ef141865d2f4b4614179089e3b80ba7311fc3bb28742c1d8323946"
dependencies = [
 "quote",
 "regex",
 "syn",
]

[[package]]
name = "solana-program-memory"
version = "2.3.1"
source = "registry+https://github.com/rust-lang/crates.io-index"
checksum = "3a5426090c6f3fd6cfdc10685322fede9ca8e5af43cd6a59e98bfe4e91671712"
dependencies = [
 "solana-define-syscall 2.3.0",
]

[[package]]
name = "solana-pubkey"
version = "2.4.0"
source = "registry+https://github.com/rust-lang/crates.io-index"
checksum = "9b62adb9c3261a052ca1f999398c388f1daf558a1b492f60a6d9e64857db4ff1"
dependencies = [
 "five8 0.2.1",
 "five8_const 0.1.4",
 "getrandom",
 "js-sys",
 "num-traits",
 "solana-atomic-u64",
 "solana-decode-error",
 "solana-define-syscall 2.3.0",
 "solana-sanitize",
 "solana-sha256-hasher 2.3.0",
 "wasm-bindgen",
]

[[package]]
name = "solana-sanitize"
version = "2.2.1"
source = "registry+https://github.com/rust-lang/crates.io-index"
checksum = "61f1bc1357b8188d9c4a3af3fc55276e56987265eb7ad073ae6f8180ee54cecf"

[[package]]
name = "solana-sdk-ids"
version = "2.2.1"
source = "registry+https://github.com/rust-lang/crates.io-index"
checksum = "5c5d8b9cc68d5c88b062a33e23a6466722467dde0035152d8fb1afbcdf350a5f"
dependencies = [
 "solana-pubkey",
]

[[package]]
name = "solana-sdk-macro"
version = "2.2.1"
source = "registry+https://github.com/rust-lang/crates.io-index"
checksum = "86280da8b99d03560f6ab5aca9de2e38805681df34e0bb8f238e69b29433b9df"
dependencies = [
 "bs58",
 "proc-macro2",
 "quote",
 "syn",
]

[[package]]
name = "solana-sha256-hasher"
version = "2.3.0"
source = "registry+https://github.com/rust-lang/crates.io-index"
checksum = "5aa3feb32c28765f6aa1ce8f3feac30936f16c5c3f7eb73d63a5b8f6f8ecdc44"
dependencies = [
 "sha2",
 "solana-define-syscall 2.3.0",
 "solana-hash 2.3.0",
]

[[package]]
name = "solana-sha256-hasher"
version = "3.1.0"
source = "registry+https://github.com/rust-lang/crates.io-index"
checksum = "db7dc3011ea4c0334aaaa7e7128cb390ecf546b28d412e9bf2064680f57f588f"
dependencies = [
 "sha2",
 "solana-define-syscall 4.0.1",
 "solana-hash 4.2.0",
]

[[package]]
name = "subtle"
version = "2.6.1"
source = "registry+https://github.com/rust-lang/crates.io-index"
checksum = "13c2bddecc57b384dee18652358fb23172facb8a2c51ccc10d74c157bdea3292"

[[package]]
name = "syn"
version = "2.0.117"
source = "registry+https://github.com/rust-lang/crates.io-index"
checksum = "e665b8803e7b1d2a727f4023456bbbbe74da67099c585258af0ad9c5013b9b99"
dependencies = [
 "proc-macro2",
 "quote",
 "unicode-ident",
]

[[package]]
name = "tinyvec"
version = "1.10.0"
source = "registry+https://github.com/rust-lang/crates.io-index"
checksum = "bfa5fdc3bce6191a1dbc8c02d5c8bffcf557bafa17c124c5264a458f1b0613fa"
dependencies = [
 "tinyvec_macros",
]

[[package]]
name = "tinyvec_macros"
version = "0.1.1"
source = "registry+https://github.com/rust-lang/crates.io-index"
checksum = "1f3ccbac311fea05f86f61904b462b55fb3df8837a366dfc601a0161d0532f20"

[[package]]
name = "typenum"
version = "1.19.0"
source = "registry+https://github.com/rust-lang/crates.io-index"
checksum = "562d481066bde0658276a35467c4af00bdc6ee726305698a55b86e61d7ad82bb"

[[package]]
name = "unicode-ident"
version = "1.0.24"
source = "registry+https://github.com/rust-lang/crates.io-index"
checksum = "e6e4313cd5fcd3dad5cafa179702e2b244f760991f45397d14d4ebf38247da75"

[[package]]
name = "version_check"
version = "0.9.5"
source = "registry+https://github.com/rust-lang/crates.io-index"
checksum = "0b928f33d975fc6ad9f86c8f283853ad26bdd5b10b7f1542aa2fa15e2289105a"

[[package]]
name = "wasi"
version = "0.11.1+wasi-snapshot-preview1"
source = "registry+https://github.com/rust-lang/crates.io-index"
checksum = "ccf3ec651a847eb01de73ccad15eb7d99f80485de043efb2f370cd654f4ea44b"

[[package]]
name = "wasm-bindgen"
version = "0.2.114"
source = "registry+https://github.com/rust-lang/crates.io-index"
checksum = "6532f9a5c1ece3798cb1c2cfdba640b9b3ba884f5db45973a6f442510a87d38e"
dependencies = [
 "cfg-if",
 "once_cell",
 "rustversion",
 "wasm-bindgen-macro",
 "wasm-bindgen-shared",
]

[[package]]
name = "wasm-bindgen-macro"
version = "0.2.114"
source = "registry+https://github.com/rust-lang/crates.io-index"
checksum = "18a2d50fcf105fb33bb15f00e7a77b772945a2ee45dcf454961fd843e74c18e6"
dependencies = [
 "quote",
 "wasm-bindgen-macro-support",
]

[[package]]
name = "wasm-bindgen-macro-support"
version = "0.2.114"
source = "registry+https://github.com/rust-lang/crates.io-index"
checksum = "03ce4caeaac547cdf713d280eda22a730824dd11e6b8c3ca9e42247b25c631e3"
dependencies = [
 "bumpalo",
 "proc-macro2",
 "quote",
 "syn",
 "wasm-bindgen-shared",
]

[[package]]
name = "wasm-bindgen-shared"
version = "0.2.114"
source = "registry+https://github.com/rust-lang/crates.io-index"
checksum = "75a326b8c223ee17883a4251907455a2431acc2791c98c26279376490c378c16"
dependencies = [
 "unicode-ident",
]

[[package]]
name = "windows-link"
version = "0.2.1"
source = "registry+https://github.com/rust-lang/crates.io-index"
checksum = "f0805222e57f7521d6a62e36fa9163bc891acd422f971defe97d64e70d0a4fe5"

[[package]]
name = "zeroize"
version = "1.8.2"
source = "registry+https://github.com/rust-lang/crates.io-index"
checksum = "b97154e67e32c85465826e8bcc1c59429aaaf107c1e4a9e53c8d8ccd5eff88d0"
